schema: '2.0'
stages:
  load_data:
    cmd: python src/load_data.py --config=params.yaml
    deps:
    - path: data_given/winequality.csv
      hash: md5
      md5: ccc8d3507eb151f53f760d36abdef888
      size: 91998
    - path: src/get_data.py
      hash: md5
      md5: 941bba39f4a34dc1e39ee2f1c304489a
      size: 714
    - path: src/load_data.py
      hash: md5
      md5: 7decdf79f8dba909e65b7fdf042791ed
      size: 682
    outs:
    - path: data/raw/winequality.csv
      hash: md5
      md5: 069b522b0321bc25a626ceeffcb8eb44
      size: 93598
  split_data:
    cmd: python src/split_data.py --config=params.yaml
    deps:
    - path: data/raw/winequality.csv
      hash: md5
      md5: 069b522b0321bc25a626ceeffcb8eb44
      size: 93598
    - path: src/split_data.py
      hash: md5
      md5: c3fb000d1975d0433b8fbad839796cce
      size: 1140
    outs:
    - path: data/processed/test_winequality.csv
      hash: md5
      md5: ee3284843265e5855bc07dd6427ab1c2
      size: 18831
    - path: data/processed/train_winequality.csv
      hash: md5
      md5: 81dce00e053ba5ebabeacf8e7dca537a
      size: 74913
  train_and_evaluate:
    cmd: python src/train_and_evaluate.py --config=params.yaml
    deps:
    - path: data/processed/test_winequality.csv
      hash: md5
      md5: ee3284843265e5855bc07dd6427ab1c2
      size: 18831
    - path: data/processed/train_winequality.csv
      hash: md5
      md5: 81dce00e053ba5ebabeacf8e7dca537a
      size: 74913
    - path: src/train_and_evaluate.py
      hash: md5
      md5: d2c618ba8cb09d30b96e08d63d52c838
      size: 2604
    params:
      params.yaml:
        estimators.ElasticNet.params.alpha: 0.58
        estimators.ElasticNet.params.l1_ratio: 0.79
    outs:
    - path: report/params.json
      hash: md5
      md5: 539f339aa3111becdccb3c0545f85b68
      size: 46
    - path: report/scores.json
      hash: md5
      md5: 196cbedc10e9ab7b8d450c36d5ca971a
      size: 101
    - path: saved_models/model.joblib
      hash: md5
      md5: 4c9bbaa36f36f38a1173f33ef59a926c
      size: 1285
