schema: '2.0'
stages:
  load_data:
    cmd: python src/load_data.py --config=params.yaml
    deps:
    - path: data_given/winequality.csv
      hash: md5
      md5: ccc8d3507eb151f53f760d36abdef888
      size: 91998
    - path: src/get_data.py
      hash: md5
      md5: 941bba39f4a34dc1e39ee2f1c304489a
      size: 714
    - path: src/load_data.py
      hash: md5
      md5: 7decdf79f8dba909e65b7fdf042791ed
      size: 682
    outs:
    - path: data/raw/winequality.csv
      hash: md5
      md5: 069b522b0321bc25a626ceeffcb8eb44
      size: 93598
  split_data:
    cmd: python src/split_data.py --config=params.yaml
    deps:
    - path: data/raw/winequality.csv
      hash: md5
      md5: 069b522b0321bc25a626ceeffcb8eb44
      size: 93598
    - path: src/split_data.py
      hash: md5
      md5: c3fb000d1975d0433b8fbad839796cce
      size: 1140
    outs:
    - path: data/processed/test_winequality.csv
      hash: md5
      md5: ee3284843265e5855bc07dd6427ab1c2
      size: 18831
    - path: data/processed/train_winequality.csv
      hash: md5
      md5: 81dce00e053ba5ebabeacf8e7dca537a
      size: 74913
  train_and_evaluate:
    cmd: python src/train_and_evaluate.py --config=params.yaml
    deps:
    - path: data/processed/test_winequality.csv
      hash: md5
      md5: ee3284843265e5855bc07dd6427ab1c2
      size: 18831
    - path: data/processed/train_winequality.csv
      hash: md5
      md5: 81dce00e053ba5ebabeacf8e7dca537a
      size: 74913
    - path: src/train_and_evaluate.py
      hash: md5
      md5: 40d44a181be4b40ae3b51dafff3a1c34
      size: 2147
    params:
      params.yaml:
        estimators.ElasticNet.params.alpha: 0.88
        estimators.ElasticNet.params.l1_ratio: 0.89
    outs:
    - path: saved_models/model.joblib
      hash: md5
      md5: b7afb25efeaf9295835509bb9cbe4019
      size: 1285
